// !$*UTF8*$!
{
	archiveVersion = 1;
	classes = {
	};
	objectVersion = 77;
	objects = {

/* Begin PBXContainerItemProxy section */
		FBF696EA2F45513400D4607A /* PBXContainerItemProxy */ = {
			isa = PBXContainerItemProxy;
			containerPortal = FBF696CB2F45513200D4607A /* Project object */;
			proxyType = 1;
			remoteGlobalIDString = FBF696D22F45513200D4607A;
			remoteInfo = Evidencia1.iOS;
		};
		FBF696F42F45513400D4607A /* PBXContainerItemProxy */ = {
			isa = PBXContainerItemProxy;
			containerPortal = FBF696CB2F45513200D4607A /* Project object */;
			proxyType = 1;
			remoteGlobalIDString = FBF696D22F45513200D4607A;
			remoteInfo = Evidencia1.iOS;
		};
/* End PBXContainerItemProxy section */

/* Begin PBXFileReference section */
		FBF696D32F45513200D4607A /* Evidencia1.iOS.app */ = {isa = PBXFileReference; explicitFileType = wrapper.application; includeInIndex = 0; path = Evidencia1.iOS.app; sourceTree = BUILT_PRODUCTS_DIR; };
		FBF696E92F45513400D4607A /* Evidencia1.iOSTests.xctest */ = {isa = PBXFileReference; explicitFileType = wrapper.cfbundle; includeInIndex = 0; path = Evidencia1.iOSTests.xctest; sourceTree = BUILT_PRODUCTS_DIR; };
		FBF696F32F45513400D4607A /* Evidencia1.iOSUITests.xctest */ = {isa = PBXFileReference; explicitFileType = wrapper.cfbundle; includeInIndex = 0; path = Evidencia1.iOSUITests.xctest; sourceTree = BUILT_PRODUCTS_DIR; };
/* End PBXFileReference section */

/* Begin PBXFileSystemSynchronizedBuildFileExceptionSet section */
		FBF696FB2F45513400D4607A /* Exceptions for "Evidencia1.iOS" folder in "Evidencia1.iOS" target */ = {
			isa = PBXFileSystemSynchronizedBuildFileExceptionSet;
			membershipExceptions = (
				Info.plist,
			);
			target = FBF696D22F45513200D4607A /* Evidencia1.iOS */;
		};
/* End PBXFileSystemSynchronizedBuildFileExceptionSet section */

/* Begin PBXFileSystemSynchronizedRootGroup section */
		FBF696D52F45513200D4607A /* Evidencia1.iOS */ = {
			isa = PBXFileSystemSynchronizedRootGroup;
			exceptions = (
				FBF696FB2F45513400D4607A /* Exceptions for "Evidencia1.iOS" folder in "Evidencia1.iOS" target */,
			);
			path = Evidencia1.iOS;
			sourceTree = "<group>";
		};
		FBF696EC2F45513400D4607A /* Evidencia1.iOSTests */ = {
			isa = PBXFileSystemSynchronizedRootGroup;
			path = Evidencia1.iOSTests;
			sourceTree = "<group>";
		};
		FBF696F62F45513400D4607A /* Evidencia1.iOSUITests */ = {
			isa = PBXFileSystemSynchronizedRootGroup;
			path = Evidencia1.iOSUITests;
			sourceTree = "<group>";
		};
/* End PBXFileSystemSynchronizedRootGroup section */

/* Begin PBXFrameworksBuildPhase section */
		FBF696D02F45513200D4607A /* Frameworks */ = {
			isa = PBXFrameworksBuildPhase;
			buildActionMask = 2147483647;
			files = (
			);
			runOnlyForDeploymentPostprocessing = 0;
		};
		FBF696E62F45513400D4607A /* Frameworks */ = {
			isa = PBXFrameworksBuildPhase;
			buildActionMask = 2147483647;
			files = (
			);
			runOnlyForDeploymentPostprocessing = 0;
		};
		FBF696F02F45513400D4607A /* Frameworks */ = {
			isa = PBXFrameworksBuildPhase;
			buildActionMask = 2147483647;
			files = (
			);
			runOnlyForDeploymentPostprocessing = 0;
		};
/* End PBXFrameworksBuildPhase section */

/* Begin PBXGroup section */
		FBF696CA2F45513200D4607A = {
			isa = PBXGroup;
			children = (
				FBF696D52F45513200D4607A /* Evidencia1.iOS */,
				FBF696EC2F45513400D4607A /* Evidencia1.iOSTests */,
				FBF696F62F45513400D4607A /* Evidencia1.iOSUITests */,
				FBF696D42F45513200D4607A /* Products */,
			);
			sourceTree = "<group>";
		};
		FBF696D42F45513200D4607A /* Products */ = {
			isa = PBXGroup;
			children = (
				FBF696D32F45513200D4607A /* Evidencia1.iOS.app */,
				FBF696E92F45513400D4607A /* Evidencia1.iOSTests.xctest */,
				FBF696F32F45513400D4607A /* Evidencia1.iOSUITests.xctest */,
			);
			name = Products;
			sourceTree = "<group>";
		};
/* End PBXGroup section */

/* Begin PBXNativeTarget section */
		FBF696D22F45513200D4607A /* Evidencia1.iOS */ = {
			isa = PBXNativeTarget;
			buildConfigurationList = FBF696FC2F45513400D4607A /* Build configuration list for PBXNativeTarget "Evidencia1.iOS" */;
			buildPhases = (
				FBF696CF2F45513200D4607A /* Sources */,
				FBF696D02F45513200D4607A /* Frameworks */,
				FBF696D12F45513200D4607A /* Resources */,
			);
			buildRules = (
			);
			dependencies = (
			);
			fileSystemSynchronizedGroups = (
				FBF696D52F45513200D4607A /* Evidencia1.iOS */,
			);
			name = Evidencia1.iOS;
			packageProductDependencies = (
			);
			productName = Evidencia1.iOS;
			productReference = FBF696D32F45513200D4607A /* Evidencia1.iOS.app */;
			productType = "com.apple.product-type.application";
		};
		FBF696E82F45513400D4607A /* Evidencia1.iOSTests */ = {
			isa = PBXNativeTarget;
			buildConfigurationList = FBF697012F45513400D4607A /* Build configuration list for PBXNativeTarget "Evidencia1.iOSTests" */;
			buildPhases = (
				FBF696E52F45513400D4607A /* Sources */,
				FBF696E62F45513400D4607A /* Frameworks */,
				FBF696E72F45513400D4607A /* Resources */,
			);
			buildRules = (
			);
			dependencies = (
				FBF696EB2F45513400D4607A /* PBXTargetDependency */,
			);
			fileSystemSynchronizedGroups = (
				FBF696EC2F45513400D4607A /* Evidencia1.iOSTests */,
			);
			name = Evidencia1.iOSTests;
			packageProductDependencies = (
			);
			productName = Evidencia1.iOSTests;
			productReference = FBF696E92F45513400D4607A /* Evidencia1.iOSTests.xctest */;
			productType = "com.apple.product-type.bundle.unit-test";
		};
		FBF696F22F45513400D4607A /* Evidencia1.iOSUITests */ = {
			isa = PBXNativeTarget;
			buildConfigurationList = FBF697042F45513400D4607A /* Build configuration list for PBXNativeTarget "Evidencia1.iOSUITests" */;
			buildPhases = (
				FBF696EF2F45513400D4607A /* Sources */,
				FBF696F02F45513400D4607A /* Frameworks */,
				FBF696F12F45513400D4607A /* Resources */,
			);
			buildRules = (
			);
			dependencies = (
				FBF696F52F45513400D4607A /* PBXTargetDependency */,
			);
			fileSystemSynchronizedGroups = (
				FBF696F62F45513400D4607A /* Evidencia1.iOSUITests */,
			);
			name = Evidencia1.iOSUITests;
			packageProductDependencies = (
			);
			productName = Evidencia1.iOSUITests;
			productReference = FBF696F32F45513400D4607A /* Evidencia1.iOSUITests.xctest */;
			productType = "com.apple.product-type.bundle.ui-testing";
		};
/* End PBXNativeTarget section */

/* Begin PBXProject section */
		FBF696CB2F45513200D4607A /* Project object */ = {
			isa = PBXProject;
			attributes = {
				BuildIndependentTargetsInParallel = 1;
				LastSwiftUpdateCheck = 1620;
				LastUpgradeCheck = 1620;
				TargetAttributes = {
					FBF696D22F45513200D4607A = {
						CreatedOnToolsVersion = 16.2;
					};
					FBF696E82F45513400D4607A = {
						CreatedOnToolsVersion = 16.2;
						TestTargetID = FBF696D22F45513200D4607A;
					};
					FBF696F22F45513400D4607A = {
						CreatedOnToolsVersion = 16.2;
						TestTargetID = FBF696D22F45513200D4607A;
					};
				};
			};
			buildConfigurationList = FBF696CE2F45513200D4607A /* Build configuration list for PBXProject "Evidencia1.iOS" */;
			developmentRegion = en;
			hasScannedForEncodings = 0;
			knownRegions = (
				en,
				Base,
			);
			mainGroup = FBF696CA2F45513200D4607A;
			minimizedProjectReferenceProxies = 1;
			preferredProjectObjectVersion = 77;
			productRefGroup = FBF696D42F45513200D4607A /* Products */;
			projectDirPath = "";
			projectRoot = "";
			targets = (
				FBF696D22F45513200D4607A /* Evidencia1.iOS */,
				FBF696E82F45513400D4607A /* Evidencia1.iOSTests */,
				FBF696F22F45513400D4607A /* Evidencia1.iOSUITests */,
			);
		};
/* End PBXProject section */

/* Begin PBXResourcesBuildPhase section */
		FBF696D12F45513200D4607A /* Resources */ = {
			isa = PBXResourcesBuildPhase;
			buildActionMask = 2147483647;
			files = (
			);
			runOnlyForDeploymentPostprocessing = 0;
		};
		FBF696E72F45513400D4607A /* Resources */ = {
			isa = PBXResourcesBuildPhase;
			buildActionMask = 2147483647;
			files = (
			);
			runOnlyForDeploymentPostprocessing = 0;
		};
		FBF696F12F45513400D4607A /* Resources */ = {
			isa = PBXResourcesBuildPhase;
			buildActionMask = 2147483647;
			files = (
			);
			runOnlyForDeploymentPostprocessing = 0;
		};
/* End PBXResourcesBuildPhase section */

/* Begin PBXSourcesBuildPhase section */
		FBF696CF2F45513200D4607A /* Sources */ = {
			isa = PBXSourcesBuildPhase;
			buildActionMask = 2147483647;
			files = (
			);
			runOnlyForDeploymentPostprocessing = 0;
		};
		FBF696E52F45513400D4607A /* Sources */ = {
			isa = PBXSourcesBuildPhase;
			buildActionMask = 2147483647;
			files = (
			);
			runOnlyForDeploymentPostprocessing = 0;
		};
		FBF696EF2F45513400D4607A /* Sources */ = {
			isa = PBXSourcesBuildPhase;
			buildActionMask = 2147483647;
			files = (
			);
			runOnlyForDeploymentPostprocessing = 0;
		};
/* End PBXSourcesBuildPhase section */

/* Begin PBXTargetDependency section */
		FBF696EB2F45513400D4607A /* PBXTargetDependency */ = {
			isa = PBXTargetDependency;
			target = FBF696D22F45513200D4607A /* Evidencia1.iOS */;
			targetProxy = FBF696EA2F45513400D4607A /* PBXContainerItemProxy */;
		};
		FBF696F52F45513400D4607A /* PBXTargetDependency */ = {
			isa = PBXTargetDependency;
			target = FBF696D22F45513200D4607A /* Evidencia1.iOS */;
			targetProxy = FBF696F42F45513400D4607A /* PBXContainerItemProxy */;
		};
/* End PBXTargetDependency section */

/* Begin XCBuildConfiguration section */
		FBF696FD2F45513400D4607A /* Debug */ = {
			isa = XCBuildConfiguration;
			buildSettings = {
				ASSETCATALOG_COMPILER_APPICON_NAME = AppIcon;
				ASSETCATALOG_COMPILER_GLOBAL_ACCENT_COLOR_NAME = AccentColor;
				CODE_SIGN_STYLE = Automatic;
				CURRENT_PROJECT_VERSION = 1;
				GENERATE_INFOPLIST_FILE = YES;
				INFOPLIST_FILE = Evidencia1.iOS/Info.plist;
				INFOPLIST_KEY_UIApplicationSupportsIndirectInputEvents = YES;
				INFOPLIST_KEY_UILaunchStoryboardName = LaunchScreen;
				INFOPLIST_KEY_UIMainStoryboardFile = Main;
				INFOPLIST_KEY_UISupportedInterfaceOrientations_iPad = "UIInterfaceOrientationPortrait UIInterfaceOrientationPortraitUpsideDown UIInterfaceOrientationLandscapeLeft UIInterfaceOrientationLandscapeRight";
				INFOPLIST_KEY_UISupportedInterfaceOrientations_iPhone = "UIInterfaceOrientationPortrait UIInterfaceOrientationLandscapeLeft UIInterfaceOrientationLandscapeRight";
				LD_RUNPATH_SEARCH_PATHS = (
					"$(inherited)",
					"@executable_path/Frameworks",
				);
				MARKETING_VERSION = 1.0;
				PRODUCT_BUNDLE_IDENTIFIER = "Tecmilenio.Evidencia1-iOS";
				PRODUCT_NAME = "$(TARGET_NAME)";
				SWIFT_EMIT_LOC_STRINGS = YES;
				SWIFT_VERSION = 5.0;
				TARGETED_DEVICE_FAMILY = "1,2";
			};
			name = Debug;
		};
		FBF696FE2F45513400D4607A /* Release */ = {
			isa = XCBuildConfiguration;
			buildSettings = {
				ASSETCATALOG_COMPILER_APPICON_NAME = AppIcon;
				ASSETCATALOG_COMPILER_GLOBAL_ACCENT_COLOR_NAME = AccentColor;
				CODE_SIGN_STYLE = Automatic;
				CURRENT_PROJECT_VERSION = 1;
				GENERATE_INFOPLIST_FILE = YES;
				INFOPLIST_FILE = Evidencia1.iOS/Info.plist;
				INFOPLIST_KEY_UIApplicationSupportsIndirectInputEvents = YES;
				INFOPLIST_KEY_UILaunchStoryboardName = LaunchScreen;
				INFOPLIST_KEY_UIMainStoryboardFile = Main;
				INFOPLIST_KEY_UISupportedInterfaceOrientations_iPad = "UIInterfaceOrientationPortrait UIInterfaceOrientationPortraitUpsideDown UIInterfaceOrientationLandscapeLeft UIInterfaceOrientationLandscapeRight";
				INFOPLIST_KEY_UISupportedInterfaceOrientations_iPhone = "UIInterfaceOrientationPortrait UIInterfaceOrientationLandscapeLeft UIInterfaceOrientationLandscapeRight";
				LD_RUNPATH_SEARCH_PATHS = (
					"$(inherited)",
					"@executable_path/Frameworks",
				);
				MARKETING_VERSION = 1.0;
				PRODUCT_BUNDLE_IDENTIFIER = "Tecmilenio.Evidencia1-iOS";
				PRODUCT_NAME = "$(TARGET_NAME)";
				SWIFT_EMIT_LOC_STRINGS = YES;
				SWIFT_VERSION = 5.0;
				TARGETED_DEVICE_FAMILY = "1,2";
			};
			name = Release;
		};
		FBF696FF2F45513400D4607A /* Debug */ = {
			isa = XCBuildConfiguration;
			buildSettings = {
				ALWAYS_SEARCH_USER_PATHS = NO;
				ASSETCATALOG_COMPILER_GENERATE_SWIFT_ASSET_SYMBOL_EXTENSIONS = YES;
				CLANG_ANALYZER_NONNULL = YES;
				CLANG_ANALYZER_NUMBER_OBJECT_CONVERSION = YES_AGGRESSIVE;
				CLANG_CXX_LANGUAGE_STANDARD = "gnu++20";
				CLANG_ENABLE_MODULES = YES;
				CLANG_ENABLE_OBJC_ARC = YES;
				CLANG_ENABLE_OBJC_WEAK = YES;
				CLANG_WARN_BLOCK_CAPTURE_AUTORELEASING = YES;
				CLANG_WARN_BOOL_CONVERSION = YES;
				CLANG_WARN_COMMA = YES;
				CLANG_WARN_CONSTANT_CONVERSION = YES;
				CLANG_WARN_DEPRECATED_OBJC_IMPLEMENTATIONS = YES;
				CLANG_WARN_DIRECT_OBJC_ISA_USAGE = YES_ERROR;
				CLANG_WARN_DOCUMENTATION_COMMENTS = YES;
				CLANG_WARN_EMPTY_BODY = YES;
				CLANG_WARN_ENUM_CONVERSION = YES;
				CLANG_WARN_INFINITE_RECURSION = YES;
				CLANG_WARN_INT_CONVERSION = YES;
				CLANG_WARN_NON_LITERAL_NULL_CONVERSION = YES;
				CLANG_WARN_OBJC_IMPLICIT_RETAIN_SELF = YES;
				CLANG_WARN_OBJC_LITERAL_CONVERSION = YES;
				CLANG_WARN_OBJC_ROOT_CLASS = YES_ERROR;
				CLANG_WARN_QUOTED_INCLUDE_IN_FRAMEWORK_HEADER = YES;
				CLANG_WARN_RANGE_LOOP_ANALYSIS = YES;
				CLANG_WARN_STRICT_PROTOTYPES = YES;
				CLANG_WARN_SUSPICIOUS_MOVE = YES;
				CLANG_WARN_UNGUARDED_AVAILABILITY = YES_AGGRESSIVE;
				CLANG_WARN_UNREACHABLE_CODE = YES;
				CLANG_WARN__DUPLICATE_METHOD_MATCH = YES;
				COPY_PHASE_STRIP = NO;
				DEBUG_INFORMATION_FORMAT = dwarf;
				ENABLE_STRICT_OBJC_MSGSEND = YES;
				ENABLE_TESTABILITY = YES;
				ENABLE_USER_SCRIPT_SANDBOXING = YES;
				GCC_C_LANGUAGE_STANDARD = gnu17;
				GCC_DYNAMIC_NO_PIC = NO;
				GCC_NO_COMMON_BLOCKS = YES;
				GCC_OPTIMIZATION_LEVEL = 0;
				GCC_PREPROCESSOR_DEFINITIONS = (
					"DEBUG=1",
					"$(inherited)",
				);
				GCC_WARN_64_TO_32_BIT_CONVERSION = YES;
				GCC_WARN_ABOUT_RETURN_TYPE = YES_ERROR;
				GCC_WARN_UNDECLARED_SELECTOR = YES;
				GCC_WARN_UNINITIALIZED_AUTOS = YES_AGGRESSIVE;
				GCC_WARN_UNUSED_FUNCTION = YES;
				GCC_WARN_UNUSED_VARIABLE = YES;
				IPHONEOS_DEPLOYMENT_TARGET = 18.2;
				LOCALIZATION_PREFERS_STRING_CATALOGS = YES;
				MTL_ENABLE_DEBUG_INFO = INCLUDE_SOURCE;
				MTL_FAST_MATH = YES;
				ONLY_ACTIVE_ARCH = YES;
				SDKROOT = iphoneos;
				SWIFT_ACTIVE_COMPILATION_CONDITIONS = "DEBUG $(inherited)";
				SWIFT_OPTIMIZATION_LEVEL = "-Onone";
			};
			name = Debug;
		};
		FBF697002F45513400D4607A /* Release */ = {
			isa = XCBuildConfiguration;
			buildSettings = {
				ALWAYS_SEARCH_USER_PATHS = NO;
				ASSETCATALOG_COMPILER_GENERATE_SWIFT_ASSET_SYMBOL_EXTENSIONS = YES;
				CLANG_ANALYZER_NONNULL = YES;
				CLANG_ANALYZER_NUMBER_OBJECT_CONVERSION = YES_AGGRESSIVE;
				CLANG_CXX_LANGUAGE_STANDARD = "gnu++20";
				CLANG_ENABLE_MODULES = YES;
				CLANG_ENABLE_OBJC_ARC = YES;
				CLANG_ENABLE_OBJC_WEAK = YES;
				CLANG_WARN_BLOCK_CAPTURE_AUTORELEASING = YES;
				CLANG_WARN_BOOL_CONVERSION = YES;
				CLANG_WARN_COMMA = YES;
				CLANG_WARN_CONSTANT_CONVERSION = YES;
				CLANG_WARN_DEPRECATED_OBJC_IMPLEMENTATIONS = YES;
				CLANG_WARN_DIRECT_OBJC_ISA_USAGE = YES_ERROR;
				CLANG_WARN_DOCUMENTATION_COMMENTS = YES;
				CLANG_WARN_EMPTY_BODY = YES;
				CLANG_WARN_ENUM_CONVERSION = YES;
				CLANG_WARN_INFINITE_RECURSION = YES;
				CLANG_WARN_INT_CONVERSION = YES;
				CLANG_WARN_NON_LITERAL_NULL_CONVERSION = YES;
				CLANG_WARN_OBJC_IMPLICIT_RETAIN_SELF = YES;
				CLANG_WARN_OBJC_LITERAL_CONVERSION = YES;
				CLANG_WARN_OBJC_ROOT_CLASS = YES_ERROR;
				CLANG_WARN_QUOTED_INCLUDE_IN_FRAMEWORK_HEADER = YES;
				CLANG_WARN_RANGE_LOOP_ANALYSIS = YES;
				CLANG_WARN_STRICT_PROTOTYPES = YES;
				CLANG_WARN_SUSPICIOUS_MOVE = YES;
				CLANG_WARN_UNGUARDED_AVAILABILITY = YES_AGGRESSIVE;
				CLANG_WARN_UNREACHABLE_CODE = YES;
				CLANG_WARN__DUPLICATE_METHOD_MATCH = YES;
				COPY_PHASE_STRIP = NO;
				DEBUG_INFORMATION_FORMAT = "dwarf-with-dsym";
				ENABLE_NS_ASSERTIONS = NO;
				ENABLE_STRICT_OBJC_MSGSEND = YES;
				ENABLE_USER_SCRIPT_SANDBOXING = YES;
				GCC_C_LANGUAGE_STANDARD = gnu17;
				GCC_NO_COMMON_BLOCKS = YES;
				GCC_WARN_64_TO_32_BIT_CONVERSION = YES;
				GCC_WARN_ABOUT_RETURN_TYPE = YES_ERROR;
				GCC_WARN_UNDECLARED_SELECTOR = YES;
				GCC_WARN_UNINITIALIZED_AUTOS = YES_AGGRESSIVE;
				GCC_WARN_UNUSED_FUNCTION = YES;
				GCC_WARN_UNUSED_VARIABLE = YES;
				IPHONEOS_DEPLOYMENT_TARGET = 18.2;
				LOCALIZATION_PREFERS_STRING_CATALOGS = YES;
				MTL_ENABLE_DEBUG_INFO = NO;
				MTL_FAST_MATH = YES;
				SDKROOT = iphoneos;
				SWIFT_COMPILATION_MODE = wholemodule;
				VALIDATE_PRODUCT = YES;
			};
			name = Release;
		};
		FBF697022F45513400D4607A /* Debug */ = {
			isa = XCBuildConfiguration;
			buildSettings = {
				BUNDLE_LOADER = "$(TEST_HOST)";
				CODE_SIGN_STYLE = Automatic;
				CURRENT_PROJECT_VERSION = 1;
				GENERATE_INFOPLIST_FILE = YES;
				IPHONEOS_DEPLOYMENT_TARGET = 18.2;
				MARKETING_VERSION = 1.0;
				PRODUCT_BUNDLE_IDENTIFIER = "Tecmilenio.Evidencia1-iOSTests";
				PRODUCT_NAME = "$(TARGET_NAME)";
				SWIFT_EMIT_LOC_STRINGS = NO;
				SWIFT_VERSION = 5.0;
				TARGETED_DEVICE_FAMILY = "1,2";
				TEST_HOST = "$(BUILT_PRODUCTS_DIR)/Evidencia1.iOS.app/$(BUNDLE_EXECUTABLE_FOLDER_PATH)/Evidencia1.iOS";
			};
			name = Debug;
		};
		FBF697032F45513400D4607A /* Release */ = {
			isa = XCBuildConfiguration;
			buildSettings = {
				BUNDLE_LOADER = "$(TEST_HOST)";
				CODE_SIGN_STYLE = Automatic;
				CURRENT_PROJECT_VERSION = 1;
				GENERATE_INFOPLIST_FILE = YES;
				IPHONEOS_DEPLOYMENT_TARGET = 18.2;
				MARKETING_VERSION = 1.0;
				PRODUCT_BUNDLE_IDENTIFIER = "Tecmilenio.Evidencia1-iOSTests";
				PRODUCT_NAME = "$(TARGET_NAME)";
				SWIFT_EMIT_LOC_STRINGS = NO;
				SWIFT_VERSION = 5.0;
				TARGETED_DEVICE_FAMILY = "1,2";
				TEST_HOST = "$(BUILT_PRODUCTS_DIR)/Evidencia1.iOS.app/$(BUNDLE_EXECUTABLE_FOLDER_PATH)/Evidencia1.iOS";
			};
			name = Release;
		};
		FBF697052F45513400D4607A /* Debug */ = {
			isa = XCBuildConfiguration;
			buildSettings = {
				CODE_SIGN_STYLE = Automatic;
				CURRENT_PROJECT_VERSION = 1;
				GENERATE_INFOPLIST_FILE = YES;
				MARKETING_VERSION = 1.0;
				PRODUCT_BUNDLE_IDENTIFIER = "Tecmilenio.Evidencia1-iOSUITests";
				PRODUCT_NAME = "$(TARGET_NAME)";
				SWIFT_EMIT_LOC_STRINGS = NO;
				SWIFT_VERSION = 5.0;
				TARGETED_DEVICE_FAMILY = "1,2";
				TEST_TARGET_NAME = Evidencia1.iOS;
			};
			name = Debug;
		};
		FBF697062F45513400D4607A /* Release */ = {
			isa = XCBuildConfiguration;
			buildSettings = {
				CODE_SIGN_STYLE = Automatic;
				CURRENT_PROJECT_VERSION = 1;
				GENERATE_INFOPLIST_FILE = YES;
				MARKETING_VERSION = 1.0;
				PRODUCT_BUNDLE_IDENTIFIER = "Tecmilenio.Evidencia1-iOSUITests";
				PRODUCT_NAME = "$(TARGET_NAME)";
				SWIFT_EMIT_LOC_STRINGS = NO;
				SWIFT_VERSION = 5.0;
				TARGETED_DEVICE_FAMILY = "1,2";
				TEST_TARGET_NAME = Evidencia1.iOS;
			};
			name = Release;
		};
/* End XCBuildConfiguration section */

/* Begin XCConfigurationList section */
		FBF696CE2F45513200D4607A /* Build configuration list for PBXProject "Evidencia1.iOS" */ = {
			isa = XCConfigurationList;
			buildConfigurations = (
				FBF696FF2F45513400D4607A /* Debug */,
				FBF697002F45513400D4607A /* Release */,
			);
			defaultConfigurationIsVisible = 0;
			defaultConfigurationName = Release;
		};
		FBF696FC2F45513400D4607A /* Build configuration list for PBXNativeTarget "Evidencia1.iOS" */ = {
			isa = XCConfigurationList;
			buildConfigurations = (
				FBF696FD2F45513400D4607A /* Debug */,
				FBF696FE2F45513400D4607A /* Release */,
			);
			defaultConfigurationIsVisible = 0;
			defaultConfigurationName = Release;
		};
		FBF697012F45513400D4607A /* Build configuration list for PBXNativeTarget "Evidencia1.iOSTests" */ = {
			isa = XCConfigurationList;
			buildConfigurations = (
				FBF697022F45513400D4607A /* Debug */,
				FBF697032F45513400D4607A /* Release */,
			);
			defaultConfigurationIsVisible = 0;
			defaultConfigurationName = Release;
		};
		FBF697042F45513400D4607A /* Build configuration list for PBXNativeTarget "Evidencia1.iOSUITests" */ = {
			isa = XCConfigurationList;
			buildConfigurations = (
				FBF697052F45513400D4607A /* Debug */,
				FBF697062F45513400D4607A /* Release */,
			);
			defaultConfigurationIsVisible = 0;
			defaultConfigurationName = Release;
		};
/* End XCConfigurationList section */
	};
	rootObject = FBF696CB2F45513200D4607A /* Project object */;
}
